// !$*UTF8*$!
{
	archiveVersion = 1;
	classes = {
	};
	objectVersion = 50;
	objects = {

/* Begin PBXBuildFile section */
		2364DBB72315449300CDFC68 /* AppDelegate.swift in Sources */ = {isa = PBXBuildFile; fileRef = 2364DBB62315449300CDFC68 /* AppDelegate.swift */; };
		2364DBB92315449300CDFC68 /* ViewController.swift in Sources */ = {isa = PBXBuildFile; fileRef = 2364DBB82315449300CDFC68 /* ViewController.swift */; };
		2364DBBC2315449300CDFC68 /* Main.storyboard in Resources */ = {isa = PBXBuildFile; fileRef = 2364DBBA2315449300CDFC68 /* Main.storyboard */; };
		2364DBBE2315449500CDFC68 /* Assets.xcassets in Resources */ = {isa = PBXBuildFile; fileRef = 2364DBBD2315449500CDFC68 /* Assets.xcassets */; };
		2364DBC12315449500CDFC68 /* LaunchScreen.storyboard in Resources */ = {isa = PBXBuildFile; fileRef = 2364DBBF2315449500CDFC68 /* LaunchScreen.storyboard */; };
		2364DBD123154C9200CDFC68 /* DepsObjC.h in Headers */ = {isa = PBXBuildFile; fileRef = 2364DBCF23154C9200CDFC68 /* DepsObjC.h */; settings = {ATTRIBUTES = (Public, ); }; };
		2364DBD423154C9200CDFC68 /* DepsObjC.framework in Frameworks */ = {isa = PBXBuildFile; fileRef = 2364DBCD23154C9200CDFC68 /* DepsObjC.framework */; };
		2364DBD523154C9200CDFC68 /* DepsObjC.framework in Embed Frameworks */ = {isa = PBXBuildFile; fileRef = 2364DBCD23154C9200CDFC68 /* DepsObjC.framework */; settings = {ATTRIBUTES = (CodeSignOnCopy, RemoveHeadersOnCopy, ); }; };
		2364DBDC23154CEB00CDFC68 /* LibAClass.h in Headers */ = {isa = PBXBuildFile; fileRef = 2364DBDA23154CEB00CDFC68 /* LibAClass.h */; settings = {ATTRIBUTES = (Public, ); }; };
		2364DBDD23154CEB00CDFC68 /* LibAClass.m in Sources */ = {isa = PBXBuildFile; fileRef = 2364DBDB23154CEB00CDFC68 /* LibAClass.m */; };
/* End PBXBuildFile section */

/* Begin PBXContainerItemProxy section */
		2364DBD223154C9200CDFC68 /* PBXContainerItemProxy */ = {
			isa = PBXContainerItemProxy;
			containerPortal = 2364DBAB2315449300CDFC68 /* Project object */;
			proxyType = 1;
			remoteGlobalIDString = 2364DBCC23154C9200CDFC68;
			remoteInfo = DepsObjC;
		};
/* End PBXContainerItemProxy section */

/* Begin PBXCopyFilesBuildPhase section */
		2364DBD923154C9200CDFC68 /* Embed Frameworks */ = {
			isa = PBXCopyFilesBuildPhase;
			buildActionMask = 2147483647;
			dstPath = "";
			dstSubfolderSpec = 10;
			files = (
				2364DBD523154C9200CDFC68 /* DepsObjC.framework in Embed Frameworks */,
			);
			name = "Embed Frameworks";
			runOnlyForDeploymentPostprocessing = 0;
		};
/* End PBXCopyFilesBuildPhase section */

/* Begin PBXFileReference section */
		2364DBB32315449300CDFC68 /* CoBuck.app */ = {isa = PBXFileReference; explicitFileType = wrapper.application; includeInIndex = 0; path = CoBuck.app; sourceTree = BUILT_PRODUCTS_DIR; };
		2364DBB62315449300CDFC68 /* AppDelegate.swift */ = {isa = PBXFileReference; lastKnownFileType = sourcecode.swift; path = AppDelegate.swift; sourceTree = "<group>"; };
		2364DBB82315449300CDFC68 /* ViewController.swift */ = {isa = PBXFileReference; lastKnownFileType = sourcecode.swift; path = ViewController.swift; sourceTree = "<group>"; };
		2364DBBB2315449300CDFC68 /* Base */ = {isa = PBXFileReference; lastKnownFileType = file.storyboard; name = Base; path = Base.lproj/Main.storyboard; sourceTree = "<group>"; };
		2364DBBD2315449500CDFC68 /* Assets.xcassets */ = {isa = PBXFileReference; lastKnownFileType = folder.assetcatalog; path = Assets.xcassets; sourceTree = "<group>"; };
		2364DBC02315449500CDFC68 /* Base */ = {isa = PBXFileReference; lastKnownFileType = file.storyboard; name = Base; path = Base.lproj/LaunchScreen.storyboard; sourceTree = "<group>"; };
		2364DBC22315449500CDFC68 /* Info.plist */ = {isa = PBXFileReference; lastKnownFileType = text.plist.xml; path = Info.plist; sourceTree = "<group>"; };
		2364DBCD23154C9200CDFC68 /* DepsObjC.framework */ = {isa = PBXFileReference; explicitFileType = wrapper.framework; includeInIndex = 0; path = DepsObjC.framework; sourceTree = BUILT_PRODUCTS_DIR; };
		2364DBCF23154C9200CDFC68 /* DepsObjC.h */ = {isa = PBXFileReference; lastKnownFileType = sourcecode.c.h; path = DepsObjC.h; sourceTree = "<group>"; };
		2364DBD023154C9200CDFC68 /* Info.plist */ = {isa = PBXFileReference; lastKnownFileType = text.plist.xml; path = Info.plist; sourceTree = "<group>"; };
		2364DBDA23154CEB00CDFC68 /* LibAClass.h */ = {isa = PBXFileReference; fileEncoding = 4; lastKnownFileType = sourcecode.c.h; path = LibAClass.h; sourceTree = "<group>"; };
		2364DBDB23154CEB00CDFC68 /* LibAClass.m */ = {isa = PBXFileReference; fileEncoding = 4; lastKnownFileType = sourcecode.c.objc; path = LibAClass.m; sourceTree = "<group>"; };
/* End PBXFileReference section */

/* Begin PBXFrameworksBuildPhase section */
		2364DBB02315449300CDFC68 /* Frameworks */ = {
			isa = PBXFrameworksBuildPhase;
			buildActionMask = 2147483647;
			files = (
				2364DBD423154C9200CDFC68 /* DepsObjC.framework in Frameworks */,
			);
			runOnlyForDeploymentPostprocessing = 0;
		};
		2364DBCA23154C9200CDFC68 /* Frameworks */ = {
			isa = PBXFrameworksBuildPhase;
			buildActionMask = 2147483647;
			files = (
			);
			runOnlyForDeploymentPostprocessing = 0;
		};
/* End PBXFrameworksBuildPhase section */

/* Begin PBXGroup section */
		2364DBAA2315449300CDFC68 = {
			isa = PBXGroup;
			children = (
				2364DBB52315449300CDFC68 /* CoBuck */,
				2364DBCE23154C9200CDFC68 /* DepsObjC */,
				2364DBB42315449300CDFC68 /* Products */,
			);
			sourceTree = "<group>";
		};
		2364DBB42315449300CDFC68 /* Products */ = {
			isa = PBXGroup;
			children = (
				2364DBB32315449300CDFC68 /* CoBuck.app */,
				2364DBCD23154C9200CDFC68 /* DepsObjC.framework */,
			);
			name = Products;
			sourceTree = "<group>";
		};
		2364DBB52315449300CDFC68 /* CoBuck */ = {
			isa = PBXGroup;
			children = (
				2364DBB62315449300CDFC68 /* AppDelegate.swift */,
				2364DBB82315449300CDFC68 /* ViewController.swift */,
				2364DBBA2315449300CDFC68 /* Main.storyboard */,
				2364DBBD2315449500CDFC68 /* Assets.xcassets */,
				2364DBBF2315449500CDFC68 /* LaunchScreen.storyboard */,
				2364DBC22315449500CDFC68 /* Info.plist */,
			);
			path = CoBuck;
			sourceTree = "<group>";
		};
		2364DBCE23154C9200CDFC68 /* DepsObjC */ = {
			isa = PBXGroup;
			children = (
				2364DBDA23154CEB00CDFC68 /* LibAClass.h */,
				2364DBDB23154CEB00CDFC68 /* LibAClass.m */,
				2364DBCF23154C9200CDFC68 /* DepsObjC.h */,
				2364DBD023154C9200CDFC68 /* Info.plist */,
			);
			path = DepsObjC;
			sourceTree = "<group>";
		};
/* End PBXGroup section */

/* Begin PBXHeadersBuildPhase section */
		2364DBC823154C9200CDFC68 /* Headers */ = {
			isa = PBXHeadersBuildPhase;
			buildActionMask = 2147483647;
			files = (
				2364DBD123154C9200CDFC68 /* DepsObjC.h in Headers */,
				2364DBDC23154CEB00CDFC68 /* LibAClass.h in Headers */,
			);
			runOnlyForDeploymentPostprocessing = 0;
		};
/* End PBXHeadersBuildPhase section */

/* Begin PBXNativeTarget section */
		2364DBB22315449300CDFC68 /* CoBuck */ = {
			isa = PBXNativeTarget;
			buildConfigurationList = 2364DBC52315449500CDFC68 /* Build configuration list for PBXNativeTarget "CoBuck" */;
			buildPhases = (
				2364DBAF2315449300CDFC68 /* Sources */,
				2364DBB02315449300CDFC68 /* Frameworks */,
				2364DBB12315449300CDFC68 /* Resources */,
				2364DBD923154C9200CDFC68 /* Embed Frameworks */,
			);
			buildRules = (
			);
			dependencies = (
				2364DBD323154C9200CDFC68 /* PBXTargetDependency */,
			);
			name = CoBuck;
			productName = CoBuck;
			productReference = 2364DBB32315449300CDFC68 /* CoBuck.app */;
			productType = "com.apple.product-type.application";
		};
		2364DBCC23154C9200CDFC68 /* DepsObjC */ = {
			isa = PBXNativeTarget;
			buildConfigurationList = 2364DBD623154C9200CDFC68 /* Build configuration list for PBXNativeTarget "DepsObjC" */;
			buildPhases = (
				2364DBC823154C9200CDFC68 /* Headers */,
				2364DBC923154C9200CDFC68 /* Sources */,
				2364DBCA23154C9200CDFC68 /* Frameworks */,
				2364DBCB23154C9200CDFC68 /* Resources */,
			);
			buildRules = (
			);
			dependencies = (
			);
			name = DepsObjC;
			productName = DepsObjC;
			productReference = 2364DBCD23154C9200CDFC68 /* DepsObjC.framework */;
			productType = "com.apple.product-type.framework";
		};
/* End PBXNativeTarget section */

/* Begin PBXProject section */
		2364DBAB2315449300CDFC68 /* Project object */ = {
			isa = PBXProject;
			attributes = {
				LastSwiftUpdateCheck = 1020;
				LastUpgradeCheck = 1020;
				ORGANIZATIONNAME = Tokopedia;
				TargetAttributes = {
					2364DBB22315449300CDFC68 = {
						CreatedOnToolsVersion = 10.2.1;
					};
					2364DBCC23154C9200CDFC68 = {
						CreatedOnToolsVersion = 10.2.1;
					};
				};
			};
			buildConfigurationList = 2364DBAE2315449300CDFC68 /* Build configuration list for PBXProject "CoBuck" */;
			compatibilityVersion = "Xcode 9.3";
			developmentRegion = en;
			hasScannedForEncodings = 0;
			knownRegions = (
				en,
				Base,
			);
			mainGroup = 2364DBAA2315449300CDFC68;
			productRefGroup = 2364DBB42315449300CDFC68 /* Products */;
			projectDirPath = "";
			projectRoot = "";
			targets = (
				2364DBB22315449300CDFC68 /* CoBuck */,
				2364DBCC23154C9200CDFC68 /* DepsObjC */,
			);
		};
/* End PBXProject section */

/* Begin PBXResourcesBuildPhase section */
		2364DBB12315449300CDFC68 /* Resources */ = {
			isa = PBXResourcesBuildPhase;
			buildActionMask = 2147483647;
			files = (
				2364DBC12315449500CDFC68 /* LaunchScreen.storyboard in Resources */,
				2364DBBE2315449500CDFC68 /* Assets.xcassets in Resources */,
				2364DBBC2315449300CDFC68 /* Main.storyboard in Resources */,
			);
			runOnlyForDeploymentPostprocessing = 0;
		};
		2364DBCB23154C9200CDFC68 /* Resources */ = {
			isa = PBXResourcesBuildPhase;
			buildActionMask = 2147483647;
			files = (
			);
			runOnlyForDeploymentPostprocessing = 0;
		};
/* End PBXResourcesBuildPhase section */

/* Begin PBXSourcesBuildPhase section */
		2364DBAF2315449300CDFC68 /* Sources */ = {
			isa = PBXSourcesBuildPhase;
			buildActionMask = 2147483647;
			files = (
				2364DBB92315449300CDFC68 /* ViewController.swift in Sources */,
				2364DBB72315449300CDFC68 /* AppDelegate.swift in Sources */,
			);
			runOnlyForDeploymentPostprocessing = 0;
		};
		2364DBC923154C9200CDFC68 /* Sources */ = {
			isa = PBXSourcesBuildPhase;
			buildActionMask = 2147483647;
			files = (
				2364DBDD23154CEB00CDFC68 /* LibAClass.m in Sources */,
			);
			runOnlyForDeploymentPostprocessing = 0;
		};
/* End PBXSourcesBuildPhase section */

/* Begin PBXTargetDependency section */
		2364DBD323154C9200CDFC68 /* PBXTargetDependency */ = {
			isa = PBXTargetDependency;
			target = 2364DBCC23154C9200CDFC68 /* DepsObjC */;
			targetProxy = 2364DBD223154C9200CDFC68 /* PBXContainerItemProxy */;
		};
/* End PBXTargetDependency section */

/* Begin PBXVariantGroup section */
		2364DBBA2315449300CDFC68 /* Main.storyboard */ = {
			isa = PBXVariantGroup;
			children = (
				2364DBBB2315449300CDFC68 /* Base */,
			);
			name = Main.storyboard;
			sourceTree = "<group>";
		};
		2364DBBF2315449500CDFC68 /* LaunchScreen.storyboard */ = {
			isa = PBXVariantGroup;
			children = (
				2364DBC02315449500CDFC68 /* Base */,
			);
			name = LaunchScreen.storyboard;
			sourceTree = "<group>";
		};
/* End PBXVariantGroup section */

/* Begin XCBuildConfiguration section */
		2364DBC32315449500CDFC68 /* Debug */ = {
			isa = XCBuildConfiguration;
			buildSettings = {
				ALWAYS_SEARCH_USER_PATHS = NO;
				CLANG_ANALYZER_NONNULL = YES;
				CLANG_ANALYZER_NUMBER_OBJECT_CONVERSION = YES_AGGRESSIVE;
				CLANG_CXX_LANGUAGE_STANDARD = "gnu++14";
				CLANG_CXX_LIBRARY = "libc++";
				CLANG_ENABLE_MODULES = YES;
				CLANG_ENABLE_OBJC_ARC = YES;
				CLANG_ENABLE_OBJC_WEAK = YES;
				CLANG_WARN_BLOCK_CAPTURE_AUTORELEASING = YES;
				CLANG_WARN_BOOL_CONVERSION = YES;
				CLANG_WARN_COMMA = YES;
				CLANG_WARN_CONSTANT_CONVERSION = YES;
				CLANG_WARN_DEPRECATED_OBJC_IMPLEMENTATIONS = YES;
				CLANG_WARN_DIRECT_OBJC_ISA_USAGE = YES_ERROR;
				CLANG_WARN_DOCUMENTATION_COMMENTS = YES;
				CLANG_WARN_EMPTY_BODY = YES;
				CLANG_WARN_ENUM_CONVERSION = YES;
				CLANG_WARN_INFINITE_RECURSION = YES;
				CLANG_WARN_INT_CONVERSION = YES;
				CLANG_WARN_NON_LITERAL_NULL_CONVERSION = YES;
				CLANG_WARN_OBJC_IMPLICIT_RETAIN_SELF = YES;
				CLANG_WARN_OBJC_LITERAL_CONVERSION = YES;
				CLANG_WARN_OBJC_ROOT_CLASS = YES_ERROR;
				CLANG_WARN_RANGE_LOOP_ANALYSIS = YES;
				CLANG_WARN_STRICT_PROTOTYPES = YES;
				CLANG_WARN_SUSPICIOUS_MOVE = YES;
				CLANG_WARN_UNGUARDED_AVAILABILITY = YES_AGGRESSIVE;
				CLANG_WARN_UNREACHABLE_CODE = YES;
				CLANG_WARN__DUPLICATE_METHOD_MATCH = YES;
				CODE_SIGN_IDENTITY = "iPhone Developer";
				COPY_PHASE_STRIP = NO;
				DEBUG_INFORMATION_FORMAT = dwarf;
				ENABLE_STRICT_OBJC_MSGSEND = YES;
				ENABLE_TESTABILITY = YES;
				GCC_C_LANGUAGE_STANDARD = gnu11;
				GCC_DYNAMIC_NO_PIC = NO;
				GCC_NO_COMMON_BLOCKS = YES;
				GCC_OPTIMIZATION_LEVEL = 0;
				GCC_PREPROCESSOR_DEFINITIONS = (
					"DEBUG=1",
					"$(inherited)",
				);
				GCC_WARN_64_TO_32_BIT_CONVERSION = YES;
				GCC_WARN_ABOUT_RETURN_TYPE = YES_ERROR;
				GCC_WARN_UNDECLARED_SELECTOR = YES;
				GCC_WARN_UNINITIALIZED_AUTOS = YES_AGGRESSIVE;
				GCC_WARN_UNUSED_FUNCTION = YES;
				GCC_WARN_UNUSED_VARIABLE = YES;
				IPHONEOS_DEPLOYMENT_TARGET = 12.2;
				MTL_ENABLE_DEBUG_INFO = INCLUDE_SOURCE;
				MTL_FAST_MATH = YES;
				ONLY_ACTIVE_ARCH = YES;
				SDKROOT = iphoneos;
				SWIFT_ACTIVE_COMPILATION_CONDITIONS = DEBUG;
				SWIFT_OPTIMIZATION_LEVEL = "-Onone";
			};
			name = Debug;
		};
		2364DBC42315449500CDFC68 /* Release */ = {
			isa = XCBuildConfiguration;
			buildSettings = {
				ALWAYS_SEARCH_USER_PATHS = NO;
				CLANG_ANALYZER_NONNULL = YES;
				CLANG_ANALYZER_NUMBER_OBJECT_CONVERSION = YES_AGGRESSIVE;
				CLANG_CXX_LANGUAGE_STANDARD = "gnu++14";
				CLANG_CXX_LIBRARY = "libc++";
				CLANG_ENABLE_MODULES = YES;
				CLANG_ENABLE_OBJC_ARC = YES;
				CLANG_ENABLE_OBJC_WEAK = YES;
				CLANG_WARN_BLOCK_CAPTURE_AUTORELEASING = YES;
				CLANG_WARN_BOOL_CONVERSION = YES;
				CLANG_WARN_COMMA = YES;
				CLANG_WARN_CONSTANT_CONVERSION = YES;
				CLANG_WARN_DEPRECATED_OBJC_IMPLEMENTATIONS = YES;
				CLANG_WARN_DIRECT_OBJC_ISA_USAGE = YES_ERROR;
				CLANG_WARN_DOCUMENTATION_COMMENTS = YES;
				CLANG_WARN_EMPTY_BODY = YES;
				CLANG_WARN_ENUM_CONVERSION = YES;
				CLANG_WARN_INFINITE_RECURSION = YES;
				CLANG_WARN_INT_CONVERSION = YES;
				CLANG_WARN_NON_LITERAL_NULL_CONVERSION = YES;
				CLANG_WARN_OBJC_IMPLICIT_RETAIN_SELF = YES;
				CLANG_WARN_OBJC_LITERAL_CONVERSION = YES;
				CLANG_WARN_OBJC_ROOT_CLASS = YES_ERROR;
				CLANG_WARN_RANGE_LOOP_ANALYSIS = YES;
				CLANG_WARN_STRICT_PROTOTYPES = YES;
				CLANG_WARN_SUSPICIOUS_MOVE = YES;
				CLANG_WARN_UNGUARDED_AVAILABILITY = YES_AGGRESSIVE;
				CLANG_WARN_UNREACHABLE_CODE = YES;
				CLANG_WARN__DUPLICATE_METHOD_MATCH = YES;
				CODE_SIGN_IDENTITY = "iPhone Developer";
				COPY_PHASE_STRIP = NO;
				DEBUG_INFORMATION_FORMAT = "dwarf-with-dsym";
				ENABLE_NS_ASSERTIONS = NO;
				ENABLE_STRICT_OBJC_MSGSEND = YES;
				GCC_C_LANGUAGE_STANDARD = gnu11;
				GCC_NO_COMMON_BLOCKS = YES;
				GCC_WARN_64_TO_32_BIT_CONVERSION = YES;
				GCC_WARN_ABOUT_RETURN_TYPE = YES_ERROR;
				GCC_WARN_UNDECLARED_SELECTOR = YES;
				GCC_WARN_UNINITIALIZED_AUTOS = YES_AGGRESSIVE;
				GCC_WARN_UNUSED_FUNCTION = YES;
				GCC_WARN_UNUSED_VARIABLE = YES;
				IPHONEOS_DEPLOYMENT_TARGET = 12.2;
				MTL_ENABLE_DEBUG_INFO = NO;
				MTL_FAST_MATH = YES;
				SDKROOT = iphoneos;
				SWIFT_COMPILATION_MODE = wholemodule;
				SWIFT_OPTIMIZATION_LEVEL = "-O";
				VALIDATE_PRODUCT = YES;
			};
			name = Release;
		};
		2364DBC62315449500CDFC68 /* Debug */ = {
			isa = XCBuildConfiguration;
			buildSettings = {
				ASSETCATALOG_COMPILER_APPICON_NAME = AppIcon;
				CODE_SIGN_STYLE = Manual;
				DEVELOPMENT_TEAM = "";
				INFOPLIST_FILE = CoBuck/Info.plist;
				IPHONEOS_DEPLOYMENT_TARGET = 10.0;
				LD_RUNPATH_SEARCH_PATHS = (
					"$(inherited)",
					"@executable_path/Frameworks",
				);
				PRODUCT_BUNDLE_IDENTIFIER = com.tokopedia.CoBuck;
				PRODUCT_NAME = "$(TARGET_NAME)";
				PROVISIONING_PROFILE_SPECIFIER = "";
				SWIFT_VERSION = 5.0;
				TARGETED_DEVICE_FAMILY = "1,2";
			};
			name = Debug;
		};
		2364DBC72315449500CDFC68 /* Release */ = {
			isa = XCBuildConfiguration;
			buildSettings = {
				ASSETCATALOG_COMPILER_APPICON_NAME = AppIcon;
				CODE_SIGN_STYLE = Manual;
				DEVELOPMENT_TEAM = "";
				INFOPLIST_FILE = CoBuck/Info.plist;
				IPHONEOS_DEPLOYMENT_TARGET = 10.0;
				LD_RUNPATH_SEARCH_PATHS = (
					"$(inherited)",
					"@executable_path/Frameworks",
				);
				PRODUCT_BUNDLE_IDENTIFIER = com.tokopedia.CoBuck;
				PRODUCT_NAME = "$(TARGET_NAME)";
				PROVISIONING_PROFILE_SPECIFIER = "";
				SWIFT_VERSION = 5.0;
				TARGETED_DEVICE_FAMILY = "1,2";
			};
			name = Release;
		};
		2364DBD723154C9200CDFC68 /* Debug */ = {
			isa = XCBuildConfiguration;
			buildSettings = {
				CODE_SIGN_IDENTITY = "";
				CODE_SIGN_STYLE = Automatic;
				CURRENT_PROJECT_VERSION = 1;
				DEFINES_MODULE = YES;
				DEVELOPMENT_TEAM = "";
				DYLIB_COMPATIBILITY_VERSION = 1;
				DYLIB_CURRENT_VERSION = 1;
				DYLIB_INSTALL_NAME_BASE = "@rpath";
				INFOPLIST_FILE = DepsObjC/Info.plist;
				INSTALL_PATH = "$(LOCAL_LIBRARY_DIR)/Frameworks";
				LD_RUNPATH_SEARCH_PATHS = (
					"$(inherited)",
					"@executable_path/Frameworks",
					"@loader_path/Frameworks",
				);
				PRODUCT_BUNDLE_IDENTIFIER = com.tokopedia.DepsObjC;
				PRODUCT_NAME = "$(TARGET_NAME:c99extidentifier)";
				SKIP_INSTALL = YES;
				SWIFT_VERSION = 5.0;
				TARGETED_DEVICE_FAMILY = "1,2";
				VERSIONING_SYSTEM = "apple-generic";
				VERSION_INFO_PREFIX = "";
			};
			name = Debug;
		};
		2364DBD823154C9200CDFC68 /* Release */ = {
			isa = XCBuildConfiguration;
			buildSettings = {
				CODE_SIGN_IDENTITY = "";
				CODE_SIGN_STYLE = Automatic;
				CURRENT_PROJECT_VERSION = 1;
				DEFINES_MODULE = YES;
				DEVELOPMENT_TEAM = "";
				DYLIB_COMPATIBILITY_VERSION = 1;
				DYLIB_CURRENT_VERSION = 1;
				DYLIB_INSTALL_NAME_BASE = "@rpath";
				INFOPLIST_FILE = DepsObjC/Info.plist;
				INSTALL_PATH = "$(LOCAL_LIBRARY_DIR)/Frameworks";
				LD_RUNPATH_SEARCH_PATHS = (
					"$(inherited)",
					"@executable_path/Frameworks",
					"@loader_path/Frameworks",
				);
				PRODUCT_BUNDLE_IDENTIFIER = com.tokopedia.DepsObjC;
				PRODUCT_NAME = "$(TARGET_NAME:c99extidentifier)";
				SKIP_INSTALL = YES;
				SWIFT_VERSION = 5.0;
				TARGETED_DEVICE_FAMILY = "1,2";
				VERSIONING_SYSTEM = "apple-generic";
				VERSION_INFO_PREFIX = "";
			};
			name = Release;
		};
/* End XCBuildConfiguration section */

/* Begin XCConfigurationList section */
		2364DBAE2315449300CDFC68 /* Build configuration list for PBXProject "CoBuck" */ = {
			isa = XCConfigurationList;
			buildConfigurations = (
				2364DBC32315449500CDFC68 /* Debug */,
				2364DBC42315449500CDFC68 /* Release */,
			);
			defaultConfigurationIsVisible = 0;
			defaultConfigurationName = Release;
		};
		2364DBC52315449500CDFC68 /* Build configuration list for PBXNativeTarget "CoBuck" */ = {
			isa = XCConfigurationList;
			buildConfigurations = (
				2364DBC62315449500CDFC68 /* Debug */,
				2364DBC72315449500CDFC68 /* Release */,
			);
			defaultConfigurationIsVisible = 0;
			defaultConfigurationName = Release;
		};
		2364DBD623154C9200CDFC68 /* Build configuration list for PBXNativeTarget "DepsObjC" */ = {
			isa = XCConfigurationList;
			buildConfigurations = (
				2364DBD723154C9200CDFC68 /* Debug */,
				2364DBD823154C9200CDFC68 /* Release */,
			);
			defaultConfigurationIsVisible = 0;
			defaultConfigurationName = Release;
		};
/* End XCConfigurationList section */
	};
	rootObject = 2364DBAB2315449300CDFC68 /* Project object */;
}
